{
  "version": 4,
  "terraform_version": "1.6.6",
  "serial": 6,
  "lineage": "9a659cf5-57c7-138f-d664-5774e0eb5fa4",
  "outputs": {
    "db_ml_instance_ips": {
      "value": {
        "private_ip": "10.0.3.185",
        "public_ip": "35.92.45.214"
      },
      "type": [
        "object",
        {
          "private_ip": "string",
          "public_ip": "string"
        }
      ]
    },
    "iam_user_details": {
      "value": {
        "user_name": "terraform-cs423-devops"
      },
      "type": [
        "object",
        {
          "user_name": "string"
        }
      ]
    },
    "private_key": {
      "value": "cs423-assignment4-key",
      "type": "string"
    },
    "web_instance_ips": {
      "value": {
        "private_ip": "10.0.1.141",
        "public_ip": "34.221.81.36"
      },
      "type": [
        "object",
        {
          "private_ip": "string",
          "public_ip": "string"
        }
      ]
    }
  },
  "resources": [
    {
      "mode": "data",
      "type": "aws_ami",
      "name": "latest_ubuntu",
      "provider": "provider[\"registry.terraform.io/hashicorp/aws\"]",
      "instances": [
        {
          "schema_version": 0,
          "attributes": {
            "architecture": "x86_64",
            "arn": "arn:aws:ec2:us-west-2::image/ami-0c0ba4e76e4392ce9",
            "block_device_mappings": [
              {
                "device_name": "/dev/sda1",
                "ebs": {
                  "delete_on_termination": "true",
                  "encrypted": "false",
                  "iops": "0",
                  "snapshot_id": "snap-0f6752a1dcaed435a",
                  "throughput": "0",
                  "volume_size": "8",
                  "volume_type": "gp2"
                },
                "no_device": "",
                "virtual_name": ""
              },
              {
                "device_name": "/dev/sdb",
                "ebs": {},
                "no_device": "",
                "virtual_name": "ephemeral0"
              },
              {
                "device_name": "/dev/sdc",
                "ebs": {},
                "no_device": "",
                "virtual_name": "ephemeral1"
              }
            ],
            "boot_mode": "legacy-bios",
            "creation_date": "2023-12-08T23:22:21.000Z",
            "deprecation_time": "2025-12-08T23:22:21.000Z",
            "description": "Canonical, Ubuntu, 20.04 LTS, amd64 focal image build on 2023-12-08",
            "ena_support": true,
            "executable_users": null,
            "filter": [
              {
                "name": "name",
                "values": [
                  "ubuntu/images/hvm-ssd/ubuntu-focal-20.04-amd64-server-*"
                ]
              },
              {
                "name": "virtualization-type",
                "values": [
                  "hvm"
                ]
              }
            ],
            "hypervisor": "xen",
            "id": "ami-0c0ba4e76e4392ce9",
            "image_id": "ami-0c0ba4e76e4392ce9",
            "image_location": "amazon/ubuntu/images/hvm-ssd/ubuntu-focal-20.04-amd64-server-20231208",
            "image_owner_alias": "amazon",
            "image_type": "machine",
            "imds_support": "",
            "include_deprecated": false,
            "kernel_id": "",
            "most_recent": true,
            "name": "ubuntu/images/hvm-ssd/ubuntu-focal-20.04-amd64-server-20231208",
            "name_regex": null,
            "owner_id": "099720109477",
            "owners": [
              "099720109477"
            ],
            "platform": "",
            "platform_details": "Linux/UNIX",
            "product_codes": [],
            "public": true,
            "ramdisk_id": "",
            "root_device_name": "/dev/sda1",
            "root_device_type": "ebs",
            "root_snapshot_id": "snap-0f6752a1dcaed435a",
            "sriov_net_support": "simple",
            "state": "available",
            "state_reason": {
              "code": "UNSET",
              "message": "UNSET"
            },
            "tags": {},
            "timeouts": null,
            "tpm_support": "",
            "usage_operation": "RunInstances",
            "virtualization_type": "hvm"
          },
          "sensitive_attributes": []
        }
      ]
    },
    {
      "mode": "managed",
      "type": "aws_instance",
      "name": "ec2_instance_db_ml",
      "provider": "provider[\"registry.terraform.io/hashicorp/aws\"]",
      "instances": [
        {
          "schema_version": 1,
          "attributes": {
            "ami": "ami-0c0ba4e76e4392ce9",
            "arn": "arn:aws:ec2:us-west-2:181262845616:instance/i-060140781e4b5f677",
            "associate_public_ip_address": true,
            "availability_zone": "us-west-2b",
            "capacity_reservation_specification": [
              {
                "capacity_reservation_preference": "open",
                "capacity_reservation_target": []
              }
            ],
            "cpu_core_count": 1,
            "cpu_options": [
              {
                "amd_sev_snp": "",
                "core_count": 1,
                "threads_per_core": 1
              }
            ],
            "cpu_threads_per_core": 1,
            "credit_specification": [
              {
                "cpu_credits": "standard"
              }
            ],
            "disable_api_stop": false,
            "disable_api_termination": false,
            "ebs_block_device": [],
            "ebs_optimized": false,
            "enclave_options": [
              {
                "enabled": false
              }
            ],
            "ephemeral_block_device": [],
            "get_password_data": false,
            "hibernation": false,
            "host_id": "",
            "host_resource_group_arn": null,
            "iam_instance_profile": "",
            "id": "i-060140781e4b5f677",
            "instance_initiated_shutdown_behavior": "stop",
            "instance_lifecycle": "",
            "instance_market_options": [],
            "instance_state": "running",
            "instance_type": "t2.micro",
            "ipv6_address_count": 0,
            "ipv6_addresses": [],
            "key_name": "cs423-assignment4-key",
            "launch_template": [],
            "maintenance_options": [
              {
                "auto_recovery": "default"
              }
            ],
            "metadata_options": [
              {
                "http_endpoint": "enabled",
                "http_protocol_ipv6": "disabled",
                "http_put_response_hop_limit": 1,
                "http_tokens": "optional",
                "instance_metadata_tags": "disabled"
              }
            ],
            "monitoring": false,
            "network_interface": [],
            "outpost_arn": "",
            "password_data": "",
            "placement_group": "",
            "placement_partition_number": 0,
            "primary_network_interface_id": "eni-028d36260ad74e5da",
            "private_dns": "ip-10-0-3-185.us-west-2.compute.internal",
            "private_dns_name_options": [
              {
                "enable_resource_name_dns_a_record": false,
                "enable_resource_name_dns_aaaa_record": false,
                "hostname_type": "ip-name"
              }
            ],
            "private_ip": "10.0.3.185",
            "public_dns": "ec2-35-92-45-214.us-west-2.compute.amazonaws.com",
            "public_ip": "35.92.45.214",
            "root_block_device": [
              {
                "delete_on_termination": true,
                "device_name": "/dev/sda1",
                "encrypted": false,
                "iops": 100,
                "kms_key_id": "",
                "tags": {},
                "throughput": 0,
                "volume_id": "vol-03d2f4904b093b66c",
                "volume_size": 8,
                "volume_type": "gp2"
              }
            ],
            "secondary_private_ips": [],
            "security_groups": [],
            "source_dest_check": true,
            "spot_instance_request_id": "",
            "subnet_id": "subnet-06983d57deddf2e6f",
            "tags": {
              "Name": "Assignment4-EC2-DB-ML"
            },
            "tags_all": {
              "Name": "Assignment4-EC2-DB-ML"
            },
            "tenancy": "default",
            "timeouts": null,
            "user_data": "ed223d6aa86f6f29760b411356839c71117ca064",
            "user_data_base64": null,
            "user_data_replace_on_change": false,
            "volume_tags": null,
            "vpc_security_group_ids": [
              "sg-03a068ed2cc98ac36"
            ]
          },
          "sensitive_attributes": [],
          "private": "eyJlMmJmYjczMC1lY2FhLTExZTYtOGY4OC0zNDM2M2JjN2M0YzAiOnsiY3JlYXRlIjo2MDAwMDAwMDAwMDAsImRlbGV0ZSI6MTIwMDAwMDAwMDAwMCwidXBkYXRlIjo2MDAwMDAwMDAwMDB9LCJzY2hlbWFfdmVyc2lvbiI6IjEifQ==",
          "dependencies": [
            "aws_key_pair.ec2_key_pair",
            "data.aws_ami.latest_ubuntu"
          ]
        }
      ]
    },
    {
      "mode": "managed",
      "type": "aws_instance",
      "name": "ec2_instance_web",
      "provider": "provider[\"registry.terraform.io/hashicorp/aws\"]",
      "instances": [
        {
          "schema_version": 1,
          "attributes": {
            "ami": "ami-0c0ba4e76e4392ce9",
            "arn": "arn:aws:ec2:us-west-2:181262845616:instance/i-09ad7591e1d313581",
            "associate_public_ip_address": true,
            "availability_zone": "us-west-2a",
            "capacity_reservation_specification": [
              {
                "capacity_reservation_preference": "open",
                "capacity_reservation_target": []
              }
            ],
            "cpu_core_count": 1,
            "cpu_options": [
              {
                "amd_sev_snp": "",
                "core_count": 1,
                "threads_per_core": 1
              }
            ],
            "cpu_threads_per_core": 1,
            "credit_specification": [
              {
                "cpu_credits": "standard"
              }
            ],
            "disable_api_stop": false,
            "disable_api_termination": false,
            "ebs_block_device": [],
            "ebs_optimized": false,
            "enclave_options": [
              {
                "enabled": false
              }
            ],
            "ephemeral_block_device": [],
            "get_password_data": false,
            "hibernation": false,
            "host_id": "",
            "host_resource_group_arn": null,
            "iam_instance_profile": "",
            "id": "i-09ad7591e1d313581",
            "instance_initiated_shutdown_behavior": "stop",
            "instance_lifecycle": "",
            "instance_market_options": [],
            "instance_state": "running",
            "instance_type": "t2.micro",
            "ipv6_address_count": 0,
            "ipv6_addresses": [],
            "key_name": "cs423-assignment4-key",
            "launch_template": [],
            "maintenance_options": [
              {
                "auto_recovery": "default"
              }
            ],
            "metadata_options": [
              {
                "http_endpoint": "enabled",
                "http_protocol_ipv6": "disabled",
                "http_put_response_hop_limit": 1,
                "http_tokens": "optional",
                "instance_metadata_tags": "disabled"
              }
            ],
            "monitoring": false,
            "network_interface": [],
            "outpost_arn": "",
            "password_data": "",
            "placement_group": "",
            "placement_partition_number": 0,
            "primary_network_interface_id": "eni-0d56b526b0b5bc1c9",
            "private_dns": "ip-10-0-1-141.us-west-2.compute.internal",
            "private_dns_name_options": [
              {
                "enable_resource_name_dns_a_record": false,
                "enable_resource_name_dns_aaaa_record": false,
                "hostname_type": "ip-name"
              }
            ],
            "private_ip": "10.0.1.141",
            "public_dns": "ec2-34-221-81-36.us-west-2.compute.amazonaws.com",
            "public_ip": "34.221.81.36",
            "root_block_device": [
              {
                "delete_on_termination": true,
                "device_name": "/dev/sda1",
                "encrypted": false,
                "iops": 100,
                "kms_key_id": "",
                "tags": {},
                "throughput": 0,
                "volume_id": "vol-0d9e41caac2814f92",
                "volume_size": 8,
                "volume_type": "gp2"
              }
            ],
            "secondary_private_ips": [],
            "security_groups": [],
            "source_dest_check": true,
            "spot_instance_request_id": "",
            "subnet_id": "subnet-0bb91ffaf3f387a1f",
            "tags": {
              "Name": "Assignment4-EC2-Web"
            },
            "tags_all": {
              "Name": "Assignment4-EC2-Web"
            },
            "tenancy": "default",
            "timeouts": null,
            "user_data": "e7d4a1233367dc4fbd9cb409358e0c4c03b3de6a",
            "user_data_base64": null,
            "user_data_replace_on_change": false,
            "volume_tags": null,
            "vpc_security_group_ids": [
              "sg-03a068ed2cc98ac36"
            ]
          },
          "sensitive_attributes": [],
          "private": "eyJlMmJmYjczMC1lY2FhLTExZTYtOGY4OC0zNDM2M2JjN2M0YzAiOnsiY3JlYXRlIjo2MDAwMDAwMDAwMDAsImRlbGV0ZSI6MTIwMDAwMDAwMDAwMCwidXBkYXRlIjo2MDAwMDAwMDAwMDB9LCJzY2hlbWFfdmVyc2lvbiI6IjEifQ==",
          "dependencies": [
            "aws_key_pair.ec2_key_pair",
            "data.aws_ami.latest_ubuntu"
          ]
        }
      ]
    },
    {
      "mode": "managed",
      "type": "aws_key_pair",
      "name": "ec2_key_pair",
      "provider": "provider[\"registry.terraform.io/hashicorp/aws\"]",
      "instances": [
        {
          "schema_version": 1,
          "attributes": {
            "arn": "arn:aws:ec2:us-west-2:181262845616:key-pair/cs423-assignment4-key",
            "fingerprint": "71:e4:b2:aa:8f:7d:ea:0c:63:07:1f:6b:03:2e:33:f3",
            "id": "cs423-assignment4-key",
            "key_name": "cs423-assignment4-key",
            "key_name_prefix": "",
            "key_pair_id": "key-01cfc34f3a729d1ff",
            "key_type": "rsa",
            "public_key": "ssh-rsa AAAAB3NzaC1yc2EAAAADAQABAAABgQDZmQX88cLyeHzdd9SOpUoXWXHp4cohC3YD/rA9PWh3ynsFmZtskvIWCQbGiO389MWd2XQTprJ1y5ukaxVohm/HvKjb4Jdx6j3Ri+lusKhjuCkM5hDtPHp5zbBu+7JyaS3EVTwIqnr6NXPI65T7QzPFdMW6zfxpnn6NS3TQmUbzH/i5LzsiUiOPrGqcpIVqj76mQRuqkwnAjMmtpC9YxqympUTbkuNsaUvGVhQpLzxWy3BIEHiYWzlyPqUXlN5Ov2cd5CVx5fs3TksxM/BXpLgcLI+2s0U1N421S9cOjK8emw681gYYlOjUpAJ2npGDuF+rMcHdcWfgkl+CikL9aoR3N7aOdnMLh5BCEejm1CF6VfidBfproxEMq3hNGVnHmR2I4DZDGR96odH2ws56PDUP+PScbOUgLFIUBDcwN1eQ8iPBE0/NHsKruyzLB2Tud6QVNnSNnNEknEPTmeAbQySLJeO37ekF9z/UVlZtQI4X7ZyZyNHml7NA7nlaNKh1UQc= root@Lucifer-Morning-Star",
            "tags": {},
            "tags_all": {}
          },
          "sensitive_attributes": [],
          "private": "eyJzY2hlbWFfdmVyc2lvbiI6IjEifQ=="
        }
      ]
    }
  ],
  "check_results": null
}
